
Microsoft Visual Studio Solution File, Format Version 12.00
# Visual Studio Version 16
VisualStudioVersion = 16.0.30804.86
MinimumVisualStudioVersion = 10.0.40219.1
Project("{9A19103F-16F7-4668-BE54-9A1E7A4F7556}") = "portal", "portal\portal.csproj", "{C12F984F-9336-4579-AADA-DDF49EC15AF6}"
EndProject
Project("{9A19103F-16F7-4668-BE54-9A1E7A4F7556}") = "portal.api", "portal.api\portal.api.csproj", "{531669C9-C187-4C75-88E7-DF2CDFD74D36}"
EndProject
Project("{FAE04EC0-301F-11D3-BF4B-00C04F79EFBC}") = "portal.test", "portal.test\portal.test.csproj", "{57D3E1B9-DBA6-4D34-9419-B2B0371A44D8}"
EndProject
Global
	GlobalSection(SolutionConfigurationPlatforms) = preSolution
		Debug|Any CPU = Debug|Any CPU
		Release|Any CPU = Release|Any CPU
	EndGlobalSection
	GlobalSection(ProjectConfigurationPlatforms) = postSolution
		{C12F984F-9336-4579-AADA-DDF49EC15AF6}.Debug|Any CPU.ActiveCfg = Debug|Any CPU
		{C12F984F-9336-4579-AADA-DDF49EC15AF6}.Debug|Any CPU.Build.0 = Debug|Any CPU
		{C12F984F-9336-4579-AADA-DDF49EC15AF6}.Release|Any CPU.ActiveCfg = Release|Any CPU
		{C12F984F-9336-4579-AADA-DDF49EC15AF6}.Release|Any CPU.Build.0 = Release|Any CPU
		{531669C9-C187-4C75-88E7-DF2CDFD74D36}.Debug|Any CPU.ActiveCfg = Debug|Any CPU
		{531669C9-C187-4C75-88E7-DF2CDFD74D36}.Debug|Any CPU.Build.0 = Debug|Any CPU
		{531669C9-C187-4C75-88E7-DF2CDFD74D36}.Release|Any CPU.ActiveCfg = Release|Any CPU
		{531669C9-C187-4C75-88E7-DF2CDFD74D36}.Release|Any CPU.Build.0 = Release|Any CPU
		{57D3E1B9-DBA6-4D34-9419-B2B0371A44D8}.Debug|Any CPU.ActiveCfg = Debug|Any CPU
		{57D3E1B9-DBA6-4D34-9419-B2B0371A44D8}.Debug|Any CPU.Build.0 = Debug|Any CPU
		{57D3E1B9-DBA6-4D34-9419-B2B0371A44D8}.Release|Any CPU.ActiveCfg = Release|Any CPU
		{57D3E1B9-DBA6-4D34-9419-B2B0371A44D8}.Release|Any CPU.Build.0 = Release|Any CPU
	EndGlobalSection
	GlobalSection(SolutionProperties) = preSolution
		HideSolutionNode = FALSE
	EndGlobalSection
	GlobalSection(ExtensibilityGlobals) = postSolution
		SolutionGuid = {D365E8BA-A21E-40E6-BE97-291DB843FF7A}
	EndGlobalSection
EndGlobal
